// !$*UTF8*$!
{
	archiveVersion = 1;
	classes = {
	};
	objectVersion = 46;
	objects = {

/* Begin PBXBuildFile section */
		0A1FCC4216DFB2FA00DCFF5A /* SpotUtil.m in Sources */ = {isa = PBXBuildFile; fileRef = 0A1FCC4116DFB2F900DCFF5A /* SpotUtil.m */; };
		0A23C2F216DACAA30043CEEE /* iPad.storyboard in Resources */ = {isa = PBXBuildFile; fileRef = 0A23C2F116DACAA30043CEEE /* iPad.storyboard */; };
		0A27895B16D7182C00C83191 /* FlickrPhotoTVC.m in Sources */ = {isa = PBXBuildFile; fileRef = 0A27895A16D7182C00C83191 /* FlickrPhotoTVC.m */; };
		0A27896016D71ACD00C83191 /* FlickrFetcher.m in Sources */ = {isa = PBXBuildFile; fileRef = 0A27895F16D71ACD00C83191 /* FlickrFetcher.m */; };
		0A27896616D727FF00C83191 /* LatestFlickrPhotoTVC.m in Sources */ = {isa = PBXBuildFile; fileRef = 0A27896516D727FF00C83191 /* LatestFlickrPhotoTVC.m */; };
		0A32616A16D86B9300D0C7A2 /* PhotoInfo.m in Sources */ = {isa = PBXBuildFile; fileRef = 0A32616916D86B9300D0C7A2 /* PhotoInfo.m */; };
		0A32616D16D86F7C00D0C7A2 /* TagInfo.m in Sources */ = {isa = PBXBuildFile; fileRef = 0A32616C16D86F7C00D0C7A2 /* TagInfo.m */; };
		0A92B74116D7C56600D5E914 /* StanfordImageFlickrTVC.m in Sources */ = {isa = PBXBuildFile; fileRef = 0A92B74016D7C56600D5E914 /* StanfordImageFlickrTVC.m */; };
		0A92B74416D7CBA700D5E914 /* StanfordTagFlickrTVC.m in Sources */ = {isa = PBXBuildFile; fileRef = 0A92B74316D7CBA700D5E914 /* StanfordTagFlickrTVC.m */; };
		0AD3009D16D683EA0006535E /* UIKit.framework in Frameworks */ = {isa = PBXBuildFile; fileRef = 0AD3009C16D683EA0006535E /* UIKit.framework */; };
		0AD3009F16D683EA0006535E /* Foundation.framework in Frameworks */ = {isa = PBXBuildFile; fileRef = 0AD3009E16D683EA0006535E /* Foundation.framework */; };
		0AD300A116D683EA0006535E /* CoreGraphics.framework in Frameworks */ = {isa = PBXBuildFile; fileRef = 0AD300A016D683EA0006535E /* CoreGraphics.framework */; };
		0AD300A716D683EA0006535E /* InfoPlist.strings in Resources */ = {isa = PBXBuildFile; fileRef = 0AD300A516D683EA0006535E /* InfoPlist.strings */; };
		0AD300A916D683EA0006535E /* main.m in Sources */ = {isa = PBXBuildFile; fileRef = 0AD300A816D683EA0006535E /* main.m */; };
		0AD300AD16D683EA0006535E /* AppDelegate.m in Sources */ = {isa = PBXBuildFile; fileRef = 0AD300AC16D683EA0006535E /* AppDelegate.m */; };
		0AD300AF16D683EA0006535E /* Default.png in Resources */ = {isa = PBXBuildFile; fileRef = 0AD300AE16D683EA0006535E /* Default.png */; };
		0AD300B116D683EA0006535E /* Default@2x.png in Resources */ = {isa = PBXBuildFile; fileRef = 0AD300B016D683EA0006535E /* Default@2x.png */; };
		0AD300B316D683EA0006535E /* Default-568h@2x.png in Resources */ = {isa = PBXBuildFile; fileRef = 0AD300B216D683EA0006535E /* Default-568h@2x.png */; };
		0AD300B616D683EA0006535E /* iPhone.storyboard in Resources */ = {isa = PBXBuildFile; fileRef = 0AD300B416D683EA0006535E /* iPhone.storyboard */; };
		0AD300C116D6841B0006535E /* ImageViewController.m in Sources */ = {isa = PBXBuildFile; fileRef = 0AD300C016D6841B0006535E /* ImageViewController.m */; };
		0AD300C416D686B30006535E /* MyImageViewController.m in Sources */ = {isa = PBXBuildFile; fileRef = 0AD300C316D686B30006535E /* MyImageViewController.m */; };
		0AFD691016D9948B008B76E5 /* RecentInfo.m in Sources */ = {isa = PBXBuildFile; fileRef = 0AFD690F16D9948B008B76E5 /* RecentInfo.m */; };
		0AFD691316D996AA008B76E5 /* RecentImageFlickrTVC.m in Sources */ = {isa = PBXBuildFile; fileRef = 0AFD691216D996AA008B76E5 /* RecentImageFlickrTVC.m */; };
/* End PBXBuildFile section */

/* Begin PBXFileReference section */
		0A1FCC4016DFB2F900DCFF5A /* SpotUtil.h */ = {isa = PBXFileReference; fileEncoding = 4; lastKnownFileType = sourcecode.c.h; path = SpotUtil.h; sourceTree = "<group>"; };
		0A1FCC4116DFB2F900DCFF5A /* SpotUtil.m */ = {isa = PBXFileReference; fileEncoding = 4; lastKnownFileType = sourcecode.c.objc; path = SpotUtil.m; sourceTree = "<group>"; };
		0A23C2F116DACAA30043CEEE /* iPad.storyboard */ = {isa = PBXFileReference; fileEncoding = 4; lastKnownFileType = file.storyboard; name = iPad.storyboard; path = ../iPad.storyboard; sourceTree = "<group>"; };
		0A27895916D7182C00C83191 /* FlickrPhotoTVC.h */ = {isa = PBXFileReference; fileEncoding = 4; lastKnownFileType = sourcecode.c.h; path = FlickrPhotoTVC.h; sourceTree = "<group>"; };
		0A27895A16D7182C00C83191 /* FlickrPhotoTVC.m */ = {isa = PBXFileReference; fileEncoding = 4; lastKnownFileType = sourcecode.c.objc; path = FlickrPhotoTVC.m; sourceTree = "<group>"; };
		0A27895D16D71ACD00C83191 /* FlickrAPIKey.h */ = {isa = PBXFileReference; fileEncoding = 4; lastKnownFileType = sourcecode.c.h; path = FlickrAPIKey.h; sourceTree = "<group>"; };
		0A27895E16D71ACD00C83191 /* FlickrFetcher.h */ = {isa = PBXFileReference; fileEncoding = 4; lastKnownFileType = sourcecode.c.h; path = FlickrFetcher.h; sourceTree = "<group>"; };
		0A27895F16D71ACD00C83191 /* FlickrFetcher.m */ = {isa = PBXFileReference; fileEncoding = 4; lastKnownFileType = sourcecode.c.objc; path = FlickrFetcher.m; sourceTree = "<group>"; };
		0A27896416D727FF00C83191 /* LatestFlickrPhotoTVC.h */ = {isa = PBXFileReference; fileEncoding = 4; lastKnownFileType = sourcecode.c.h; path = LatestFlickrPhotoTVC.h; sourceTree = "<group>"; };
		0A27896516D727FF00C83191 /* LatestFlickrPhotoTVC.m */ = {isa = PBXFileReference; fileEncoding = 4; lastKnownFileType = sourcecode.c.objc; path = LatestFlickrPhotoTVC.m; sourceTree = "<group>"; };
		0A32616816D86B9300D0C7A2 /* PhotoInfo.h */ = {isa = PBXFileReference; fileEncoding = 4; lastKnownFileType = sourcecode.c.h; path = PhotoInfo.h; sourceTree = "<group>"; };
		0A32616916D86B9300D0C7A2 /* PhotoInfo.m */ = {isa = PBXFileReference; fileEncoding = 4; lastKnownFileType = sourcecode.c.objc; path = PhotoInfo.m; sourceTree = "<group>"; };
		0A32616B16D86F7C00D0C7A2 /* TagInfo.h */ = {isa = PBXFileReference; fileEncoding = 4; lastKnownFileType = sourcecode.c.h; path = TagInfo.h; sourceTree = "<group>"; };
		0A32616C16D86F7C00D0C7A2 /* TagInfo.m */ = {isa = PBXFileReference; fileEncoding = 4; lastKnownFileType = sourcecode.c.objc; path = TagInfo.m; sourceTree = "<group>"; };
		0A92B73F16D7C56600D5E914 /* StanfordImageFlickrTVC.h */ = {isa = PBXFileReference; fileEncoding = 4; lastKnownFileType = sourcecode.c.h; path = StanfordImageFlickrTVC.h; sourceTree = "<group>"; };
		0A92B74016D7C56600D5E914 /* StanfordImageFlickrTVC.m */ = {isa = PBXFileReference; fileEncoding = 4; lastKnownFileType = sourcecode.c.objc; path = StanfordImageFlickrTVC.m; sourceTree = "<group>"; };
		0A92B74216D7CBA700D5E914 /* StanfordTagFlickrTVC.h */ = {isa = PBXFileReference; fileEncoding = 4; lastKnownFileType = sourcecode.c.h; path = StanfordTagFlickrTVC.h; sourceTree = "<group>"; };
		0A92B74316D7CBA700D5E914 /* StanfordTagFlickrTVC.m */ = {isa = PBXFileReference; fileEncoding = 4; lastKnownFileType = sourcecode.c.objc; path = StanfordTagFlickrTVC.m; sourceTree = "<group>"; };
		0AD3009916D683EA0006535E /* Shutterbug.app */ = {isa = PBXFileReference; explicitFileType = wrapper.application; includeInIndex = 0; path = Shutterbug.app; sourceTree = BUILT_PRODUCTS_DIR; };
		0AD3009C16D683EA0006535E /* UIKit.framework */ = {isa = PBXFileReference; lastKnownFileType = wrapper.framework; name = UIKit.framework; path = System/Library/Frameworks/UIKit.framework; sourceTree = SDKROOT; };
		0AD3009E16D683EA0006535E /* Foundation.framework */ = {isa = PBXFileReference; lastKnownFileType = wrapper.framework; name = Foundation.framework; path = System/Library/Frameworks/Foundation.framework; sourceTree = SDKROOT; };
		0AD300A016D683EA0006535E /* CoreGraphics.framework */ = {isa = PBXFileReference; lastKnownFileType = wrapper.framework; name = CoreGraphics.framework; path = System/Library/Frameworks/CoreGraphics.framework; sourceTree = SDKROOT; };
		0AD300A416D683EA0006535E /* Shutterbug-Info.plist */ = {isa = PBXFileReference; lastKnownFileType = text.plist.xml; path = "Shutterbug-Info.plist"; sourceTree = "<group>"; };
		0AD300A616D683EA0006535E /* en */ = {isa = PBXFileReference; lastKnownFileType = text.plist.strings; name = en; path = en.lproj/InfoPlist.strings; sourceTree = "<group>"; };
		0AD300A816D683EA0006535E /* main.m */ = {isa = PBXFileReference; lastKnownFileType = sourcecode.c.objc; path = main.m; sourceTree = "<group>"; };
		0AD300AA16D683EA0006535E /* Shutterbug-Prefix.pch */ = {isa = PBXFileReference; lastKnownFileType = sourcecode.c.h; path = "Shutterbug-Prefix.pch"; sourceTree = "<group>"; };
		0AD300AB16D683EA0006535E /* AppDelegate.h */ = {isa = PBXFileReference; lastKnownFileType = sourcecode.c.h; path = AppDelegate.h; sourceTree = "<group>"; };
		0AD300AC16D683EA0006535E /* AppDelegate.m */ = {isa = PBXFileReference; lastKnownFileType = sourcecode.c.objc; path = AppDelegate.m; sourceTree = "<group>"; };
		0AD300AE16D683EA0006535E /* Default.png */ = {isa = PBXFileReference; lastKnownFileType = image.png; path = Default.png; sourceTree = "<group>"; };
		0AD300B016D683EA0006535E /* Default@2x.png */ = {isa = PBXFileReference; lastKnownFileType = image.png; path = "Default@2x.png"; sourceTree = "<group>"; };
		0AD300B216D683EA0006535E /* Default-568h@2x.png */ = {isa = PBXFileReference; lastKnownFileType = image.png; path = "Default-568h@2x.png"; sourceTree = "<group>"; };
		0AD300B516D683EA0006535E /* en */ = {isa = PBXFileReference; lastKnownFileType = file.storyboard; name = en; path = en.lproj/iPhone.storyboard; sourceTree = "<group>"; };
		0AD300BF16D6841B0006535E /* ImageViewController.h */ = {isa = PBXFileReference; fileEncoding = 4; lastKnownFileType = sourcecode.c.h; name = ImageViewController.h; path = ../ImageViewController.h; sourceTree = "<group>"; };
		0AD300C016D6841B0006535E /* ImageViewController.m */ = {isa = PBXFileReference; fileEncoding = 4; lastKnownFileType = sourcecode.c.objc; name = ImageViewController.m; path = ../ImageViewController.m; sourceTree = "<group>"; };
		0AD300C216D686B30006535E /* MyImageViewController.h */ = {isa = PBXFileReference; fileEncoding = 4; lastKnownFileType = sourcecode.c.h; name = MyImageViewController.h; path = ../MyImageViewController.h; sourceTree = "<group>"; };
		0AD300C316D686B30006535E /* MyImageViewController.m */ = {isa = PBXFileReference; fileEncoding = 4; lastKnownFileType = sourcecode.c.objc; name = MyImageViewController.m; path = ../MyImageViewController.m; sourceTree = "<group>"; };
		0AFD690E16D9948B008B76E5 /* RecentInfo.h */ = {isa = PBXFileReference; fileEncoding = 4; lastKnownFileType = sourcecode.c.h; path = RecentInfo.h; sourceTree = "<group>"; };
		0AFD690F16D9948B008B76E5 /* RecentInfo.m */ = {isa = PBXFileReference; fileEncoding = 4; lastKnownFileType = sourcecode.c.objc; path = RecentInfo.m; sourceTree = "<group>"; };
		0AFD691116D996AA008B76E5 /* RecentImageFlickrTVC.h */ = {isa = PBXFileReference; fileEncoding = 4; lastKnownFileType = sourcecode.c.h; path = RecentImageFlickrTVC.h; sourceTree = "<group>"; };
		0AFD691216D996AA008B76E5 /* RecentImageFlickrTVC.m */ = {isa = PBXFileReference; fileEncoding = 4; lastKnownFileType = sourcecode.c.objc; path = RecentImageFlickrTVC.m; sourceTree = "<group>"; };
/* End PBXFileReference section */

/* Begin PBXFrameworksBuildPhase section */
		0AD3009616D683EA0006535E /* Frameworks */ = {
			isa = PBXFrameworksBuildPhase;
			buildActionMask = 2147483647;
			files = (
				0AD3009D16D683EA0006535E /* UIKit.framework in Frameworks */,
				0AD3009F16D683EA0006535E /* Foundation.framework in Frameworks */,
				0AD300A116D683EA0006535E /* CoreGraphics.framework in Frameworks */,
			);
			runOnlyForDeploymentPostprocessing = 0;
		};
/* End PBXFrameworksBuildPhase section */

/* Begin PBXGroup section */
		0A1FCC4316DFB2FE00DCFF5A /* Util */ = {
			isa = PBXGroup;
			children = (
				0A1FCC4016DFB2F900DCFF5A /* SpotUtil.h */,
				0A1FCC4116DFB2F900DCFF5A /* SpotUtil.m */,
			);
			name = Util;
			sourceTree = "<group>";
		};
		0A27895C16D71ACD00C83191 /* FlickrFetcher */ = {
			isa = PBXGroup;
			children = (
				0A27895D16D71ACD00C83191 /* FlickrAPIKey.h */,
				0A27895E16D71ACD00C83191 /* FlickrFetcher.h */,
				0A27895F16D71ACD00C83191 /* FlickrFetcher.m */,
			);
			name = FlickrFetcher;
			path = ../FlickrFetcher;
			sourceTree = "<group>";
		};
		0A32616716D86A8E00D0C7A2 /* Model */ = {
			isa = PBXGroup;
			children = (
				0A32616816D86B9300D0C7A2 /* PhotoInfo.h */,
				0A32616916D86B9300D0C7A2 /* PhotoInfo.m */,
				0A32616B16D86F7C00D0C7A2 /* TagInfo.h */,
				0A32616C16D86F7C00D0C7A2 /* TagInfo.m */,
				0AFD690E16D9948B008B76E5 /* RecentInfo.h */,
				0AFD690F16D9948B008B76E5 /* RecentInfo.m */,
			);
			name = Model;
			sourceTree = "<group>";
		};
		0A92B74516D7CDAF00D5E914 /* NotUsed */ = {
			isa = PBXGroup;
			children = (
				0AD300C216D686B30006535E /* MyImageViewController.h */,
				0AD300C316D686B30006535E /* MyImageViewController.m */,
			);
			name = NotUsed;
			sourceTree = "<group>";
		};
		0AD3009016D683EA0006535E = {
			isa = PBXGroup;
			children = (
				0AD300A216D683EA0006535E /* Shutterbug */,
				0AD3009B16D683EA0006535E /* Frameworks */,
				0AD3009A16D683EA0006535E /* Products */,
			);
			sourceTree = "<group>";
		};
		0AD3009A16D683EA0006535E /* Products */ = {
			isa = PBXGroup;
			children = (
				0AD3009916D683EA0006535E /* Shutterbug.app */,
			);
			name = Products;
			sourceTree = "<group>";
		};
		0AD3009B16D683EA0006535E /* Frameworks */ = {
			isa = PBXGroup;
			children = (
				0AD3009C16D683EA0006535E /* UIKit.framework */,
				0AD3009E16D683EA0006535E /* Foundation.framework */,
				0AD300A016D683EA0006535E /* CoreGraphics.framework */,
			);
			name = Frameworks;
			sourceTree = "<group>";
		};
		0AD300A216D683EA0006535E /* Shutterbug */ = {
			isa = PBXGroup;
			children = (
				0A1FCC4316DFB2FE00DCFF5A /* Util */,
				0A32616716D86A8E00D0C7A2 /* Model */,
				0A27895C16D71ACD00C83191 /* FlickrFetcher */,
				0AD300BF16D6841B0006535E /* ImageViewController.h */,
				0AD300C016D6841B0006535E /* ImageViewController.m */,
				0AD300AB16D683EA0006535E /* AppDelegate.h */,
				0AD300AC16D683EA0006535E /* AppDelegate.m */,
				0AD300B416D683EA0006535E /* iPhone.storyboard */,
				0A23C2F116DACAA30043CEEE /* iPad.storyboard */,
				0A92B74216D7CBA700D5E914 /* StanfordTagFlickrTVC.h */,
				0A92B74316D7CBA700D5E914 /* StanfordTagFlickrTVC.m */,
				0A27895916D7182C00C83191 /* FlickrPhotoTVC.h */,
				0A27895A16D7182C00C83191 /* FlickrPhotoTVC.m */,
				0A27896416D727FF00C83191 /* LatestFlickrPhotoTVC.h */,
				0A27896516D727FF00C83191 /* LatestFlickrPhotoTVC.m */,
				0A92B73F16D7C56600D5E914 /* StanfordImageFlickrTVC.h */,
				0A92B74016D7C56600D5E914 /* StanfordImageFlickrTVC.m */,
				0AFD691116D996AA008B76E5 /* RecentImageFlickrTVC.h */,
				0AFD691216D996AA008B76E5 /* RecentImageFlickrTVC.m */,
				0AD300A316D683EA0006535E /* Supporting Files */,
				0A92B74516D7CDAF00D5E914 /* NotUsed */,
			);
			path = Shutterbug;
			sourceTree = "<group>";
		};
		0AD300A316D683EA0006535E /* Supporting Files */ = {
			isa = PBXGroup;
			children = (
				0AD300A416D683EA0006535E /* Shutterbug-Info.plist */,
				0AD300A516D683EA0006535E /* InfoPlist.strings */,
				0AD300A816D683EA0006535E /* main.m */,
				0AD300AA16D683EA0006535E /* Shutterbug-Prefix.pch */,
				0AD300AE16D683EA0006535E /* Default.png */,
				0AD300B016D683EA0006535E /* Default@2x.png */,
				0AD300B216D683EA0006535E /* Default-568h@2x.png */,
			);
			name = "Supporting Files";
			sourceTree = "<group>";
		};
/* End PBXGroup section */

/* Begin PBXNativeTarget section */
		0AD3009816D683EA0006535E /* Shutterbug */ = {
			isa = PBXNativeTarget;
			buildConfigurationList = 0AD300BC16D683EA0006535E /* Build configuration list for PBXNativeTarget "Shutterbug" */;
			buildPhases = (
				0AD3009516D683EA0006535E /* Sources */,
				0AD3009616D683EA0006535E /* Frameworks */,
				0AD3009716D683EA0006535E /* Resources */,
			);
			buildRules = (
			);
			dependencies = (
			);
			name = Shutterbug;
			productName = Shutterbug;
			productReference = 0AD3009916D683EA0006535E /* Shutterbug.app */;
			productType = "com.apple.product-type.application";
		};
/* End PBXNativeTarget section */

/* Begin PBXProject section */
		0AD3009116D683EA0006535E /* Project object */ = {
			isa = PBXProject;
			attributes = {
				LastUpgradeCheck = 0460;
				ORGANIZATIONNAME = "Jorn Nordahl";
			};
			buildConfigurationList = 0AD3009416D683EA0006535E /* Build configuration list for PBXProject "Shutterbug" */;
			compatibilityVersion = "Xcode 3.2";
			developmentRegion = English;
			hasScannedForEncodings = 0;
			knownRegions = (
				en,
			);
			mainGroup = 0AD3009016D683EA0006535E;
			productRefGroup = 0AD3009A16D683EA0006535E /* Products */;
			projectDirPath = "";
			projectRoot = "";
			targets = (
				0AD3009816D683EA0006535E /* Shutterbug */,
			);
		};
/* End PBXProject section */

/* Begin PBXResourcesBuildPhase section */
		0AD3009716D683EA0006535E /* Resources */ = {
			isa = PBXResourcesBuildPhase;
			buildActionMask = 2147483647;
			files = (
				0AD300A716D683EA0006535E /* InfoPlist.strings in Resources */,
				0AD300AF16D683EA0006535E /* Default.png in Resources */,
				0AD300B116D683EA0006535E /* Default@2x.png in Resources */,
				0AD300B316D683EA0006535E /* Default-568h@2x.png in Resources */,
				0AD300B616D683EA0006535E /* iPhone.storyboard in Resources */,
				0A23C2F216DACAA30043CEEE /* iPad.storyboard in Resources */,
			);
			runOnlyForDeploymentPostprocessing = 0;
		};
/* End PBXResourcesBuildPhase section */

/* Begin PBXSourcesBuildPhase section */
		0AD3009516D683EA0006535E /* Sources */ = {
			isa = PBXSourcesBuildPhase;
			buildActionMask = 2147483647;
			files = (
				0AD300A916D683EA0006535E /* main.m in Sources */,
				0AD300AD16D683EA0006535E /* AppDelegate.m in Sources */,
				0AD300C116D6841B0006535E /* ImageViewController.m in Sources */,
				0AD300C416D686B30006535E /* MyImageViewController.m in Sources */,
				0A27895B16D7182C00C83191 /* FlickrPhotoTVC.m in Sources */,
				0A27896016D71ACD00C83191 /* FlickrFetcher.m in Sources */,
				0A27896616D727FF00C83191 /* LatestFlickrPhotoTVC.m in Sources */,
				0A92B74116D7C56600D5E914 /* StanfordImageFlickrTVC.m in Sources */,
				0A92B74416D7CBA700D5E914 /* StanfordTagFlickrTVC.m in Sources */,
				0A32616A16D86B9300D0C7A2 /* PhotoInfo.m in Sources */,
				0A32616D16D86F7C00D0C7A2 /* TagInfo.m in Sources */,
				0AFD691016D9948B008B76E5 /* RecentInfo.m in Sources */,
				0AFD691316D996AA008B76E5 /* RecentImageFlickrTVC.m in Sources */,
				0A1FCC4216DFB2FA00DCFF5A /* SpotUtil.m in Sources */,
			);
			runOnlyForDeploymentPostprocessing = 0;
		};
/* End PBXSourcesBuildPhase section */

/* Begin PBXVariantGroup section */
		0AD300A516D683EA0006535E /* InfoPlist.strings */ = {
			isa = PBXVariantGroup;
			children = (
				0AD300A616D683EA0006535E /* en */,
			);
			name = InfoPlist.strings;
			sourceTree = "<group>";
		};
		0AD300B416D683EA0006535E /* iPhone.storyboard */ = {
			isa = PBXVariantGroup;
			children = (
				0AD300B516D683EA0006535E /* en */,
			);
			name = iPhone.storyboard;
			sourceTree = "<group>";
		};
/* End PBXVariantGroup section */

/* Begin XCBuildConfiguration section */
		0AD300BA16D683EA0006535E /* Debug */ = {
			isa = XCBuildConfiguration;
			buildSettings = {
				ALWAYS_SEARCH_USER_PATHS = NO;
				CLANG_CXX_LANGUAGE_STANDARD = "gnu++0x";
				CLANG_CXX_LIBRARY = "libc++";
				CLANG_ENABLE_OBJC_ARC = YES;
				CLANG_WARN_CONSTANT_CONVERSION = YES;
				CLANG_WARN_EMPTY_BODY = YES;
				CLANG_WARN_ENUM_CONVERSION = YES;
				CLANG_WARN_INT_CONVERSION = YES;
				CLANG_WARN__DUPLICATE_METHOD_MATCH = YES;
				"CODE_SIGN_IDENTITY[sdk=iphoneos*]" = "iPhone Developer";
				COPY_PHASE_STRIP = NO;
				GCC_C_LANGUAGE_STANDARD = gnu99;
				GCC_DYNAMIC_NO_PIC = NO;
				GCC_OPTIMIZATION_LEVEL = 0;
				GCC_PREPROCESSOR_DEFINITIONS = (
					"DEBUG=1",
					"$(inherited)",
				);
				GCC_SYMBOLS_PRIVATE_EXTERN = NO;
				GCC_WARN_ABOUT_RETURN_TYPE = YES;
				GCC_WARN_UNINITIALIZED_AUTOS = YES;
				GCC_WARN_UNUSED_VARIABLE = YES;
				IPHONEOS_DEPLOYMENT_TARGET = 6.1;
				ONLY_ACTIVE_ARCH = YES;
				SDKROOT = iphoneos;
			};
			name = Debug;
		};
		0AD300BB16D683EA0006535E /* Release */ = {
			isa = XCBuildConfiguration;
			buildSettings = {
				ALWAYS_SEARCH_USER_PATHS = NO;
				CLANG_CXX_LANGUAGE_STANDARD = "gnu++0x";
				CLANG_CXX_LIBRARY = "libc++";
				CLANG_ENABLE_OBJC_ARC = YES;
				CLANG_WARN_CONSTANT_CONVERSION = YES;
				CLANG_WARN_EMPTY_BODY = YES;
				CLANG_WARN_ENUM_CONVERSION = YES;
				CLANG_WARN_INT_CONVERSION = YES;
				CLANG_WARN__DUPLICATE_METHOD_MATCH = YES;
				"CODE_SIGN_IDENTITY[sdk=iphoneos*]" = "iPhone Developer";
				COPY_PHASE_STRIP = YES;
				GCC_C_LANGUAGE_STANDARD = gnu99;
				GCC_WARN_ABOUT_RETURN_TYPE = YES;
				GCC_WARN_UNINITIALIZED_AUTOS = YES;
				GCC_WARN_UNUSED_VARIABLE = YES;
				IPHONEOS_DEPLOYMENT_TARGET = 6.1;
				OTHER_CFLAGS = "-DNS_BLOCK_ASSERTIONS=1";
				SDKROOT = iphoneos;
				VALIDATE_PRODUCT = YES;
			};
			name = Release;
		};
		0AD300BD16D683EA0006535E /* Debug */ = {
			isa = XCBuildConfiguration;
			buildSettings = {
				GCC_PRECOMPILE_PREFIX_HEADER = YES;
				GCC_PREFIX_HEADER = "Shutterbug/Shutterbug-Prefix.pch";
				INFOPLIST_FILE = "Shutterbug/Shutterbug-Info.plist";
				IPHONEOS_DEPLOYMENT_TARGET = 6.1;
				PRODUCT_NAME = "$(TARGET_NAME)";
				TARGETED_DEVICE_FAMILY = "1,2";
				WRAPPER_EXTENSION = app;
			};
			name = Debug;
		};
		0AD300BE16D683EA0006535E /* Release */ = {
			isa = XCBuildConfiguration;
			buildSettings = {
				GCC_PRECOMPILE_PREFIX_HEADER = YES;
				GCC_PREFIX_HEADER = "Shutterbug/Shutterbug-Prefix.pch";
				INFOPLIST_FILE = "Shutterbug/Shutterbug-Info.plist";
				IPHONEOS_DEPLOYMENT_TARGET = 6.1;
				PRODUCT_NAME = "$(TARGET_NAME)";
				TARGETED_DEVICE_FAMILY = "1,2";
				WRAPPER_EXTENSION = app;
			};
			name = Release;
		};
/* End XCBuildConfiguration section */

/* Begin XCConfigurationList section */
		0AD3009416D683EA0006535E /* Build configuration list for PBXProject "Shutterbug" */ = {
			isa = XCConfigurationList;
			buildConfigurations = (
				0AD300BA16D683EA0006535E /* Debug */,
				0AD300BB16D683EA0006535E /* Release */,
			);
			defaultConfigurationIsVisible = 0;
			defaultConfigurationName = Release;
		};
		0AD300BC16D683EA0006535E /* Build configuration list for PBXNativeTarget "Shutterbug" */ = {
			isa = XCConfigurationList;
			buildConfigurations = (
				0AD300BD16D683EA0006535E /* Debug */,
				0AD300BE16D683EA0006535E /* Release */,
			);
			defaultConfigurationIsVisible = 0;
			defaultConfigurationName = Release;
		};
/* End XCConfigurationList section */
	};
	rootObject = 0AD3009116D683EA0006535E /* Project object */;
}
